// !$*UTF8*$!
{
	archiveVersion = 1;
	classes = {
	};
	objectVersion = 46;
	objects = {

/* Begin PBXBuildFile section */
		1D60589B0D05DD56006BFB54 /* main.m in Sources */ = {isa = PBXBuildFile; fileRef = 29B97316FDCFA39411CA2CEA /* main.m */; };
		1D60589F0D05DD5A006BFB54 /* Foundation.framework in Frameworks */ = {isa = PBXBuildFile; fileRef = 1D30AB110D05D00D00671497 /* Foundation.framework */; };
		1DF5F4E00D08C38300B7A737 /* UIKit.framework in Frameworks */ = {isa = PBXBuildFile; fileRef = 1DF5F4DF0D08C38300B7A737 /* UIKit.framework */; };
		288765A50DF7441C002DB57D /* CoreGraphics.framework in Frameworks */ = {isa = PBXBuildFile; fileRef = 288765A40DF7441C002DB57D /* CoreGraphics.framework */; };
		3B03F18A11E543B2000D4F03 /* iTunesArtwork in Resources */ = {isa = PBXBuildFile; fileRef = 3B03F18911E543B2000D4F03 /* iTunesArtwork */; };
		3B2EE8561C5556AB0081A25E /* AVFoundation.framework in Frameworks */ = {isa = PBXBuildFile; fileRef = 3B2EE8551C5556AB0081A25E /* AVFoundation.framework */; };
		3B3C45FA1C35D2F7006EC76C /* AppDelegate.m in Sources */ = {isa = PBXBuildFile; fileRef = 3B3C45F91C35D2F7006EC76C /* AppDelegate.m */; };
		3B3C45FC1C35D4C9006EC76C /* Default-568h@2x.png in Resources */ = {isa = PBXBuildFile; fileRef = 3B3C45FB1C35D4C9006EC76C /* Default-568h@2x.png */; };
		3B3C45FE1C35D565006EC76C /* Entitlements.plist in Resources */ = {isa = PBXBuildFile; fileRef = 3B3C45FD1C35D565006EC76C /* Entitlements.plist */; };
		3B3C46021C35E84E006EC76C /* Images.xcassets in Resources */ = {isa = PBXBuildFile; fileRef = 3B3C46011C35E84E006EC76C /* Images.xcassets */; };
		3B3C460A1C373C8E006EC76C /* SettingsView.xib in Resources */ = {isa = PBXBuildFile; fileRef = 3B3C460C1C373C8E006EC76C /* SettingsView.xib */; };
		3B78CC010F5B7CC20041A61D /* Util.m in Sources */ = {isa = PBXBuildFile; fileRef = 3B78CC000F5B7CC20041A61D /* Util.m */; };
		3B78CCFA0F5B95BD0041A61D /* WaitImageView.m in Sources */ = {isa = PBXBuildFile; fileRef = 3B78CCF90F5B95BD0041A61D /* WaitImageView.m */; };
		3B799C5E0F57AC73001BCAEC /* PhotoDefaultController.m in Sources */ = {isa = PBXBuildFile; fileRef = 3B799C5D0F57AC73001BCAEC /* PhotoDefaultController.m */; };
		3B8D46031C3883A70045122C /* AboutView.xib in Resources */ = {isa = PBXBuildFile; fileRef = 3B8D46051C3883A70045122C /* AboutView.xib */; };
		3BAA736211E265B100E9EB36 /* IconPhoto.png in Resources */ = {isa = PBXBuildFile; fileRef = 3BAA736111E265B100E9EB36 /* IconPhoto.png */; };
		3BAA736411E265C600E9EB36 /* Default@2x.png in Resources */ = {isa = PBXBuildFile; fileRef = 3BAA736311E265C600E9EB36 /* Default@2x.png */; };
		3BC28DEF1C397F4E00F8420B /* CoreText.framework in Frameworks */ = {isa = PBXBuildFile; fileRef = 3BC28DEE1C397F4E00F8420B /* CoreText.framework */; };
		3BE09CD10F53AE3E00D88117 /* AboutController.m in Sources */ = {isa = PBXBuildFile; fileRef = 3BE09CC10F53AE3E00D88117 /* AboutController.m */; };
		3BE09CD20F53AE3E00D88117 /* Board.m in Sources */ = {isa = PBXBuildFile; fileRef = 3BE09CC30F53AE3E00D88117 /* Board.m */; };
		3BE09CD30F53AE3E00D88117 /* BoardController.m in Sources */ = {isa = PBXBuildFile; fileRef = 3BE09CC50F53AE3E00D88117 /* BoardController.m */; };
		3BE09CD40F53AE3E00D88117 /* Configuration.m in Sources */ = {isa = PBXBuildFile; fileRef = 3BE09CC70F53AE3E00D88117 /* Configuration.m */; };
		3BE09CD50F53AE3E00D88117 /* PhotoController.m in Sources */ = {isa = PBXBuildFile; fileRef = 3BE09CCA0F53AE3E00D88117 /* PhotoController.m */; };
		3BE09CD60F53AE3E00D88117 /* SettingsController.m in Sources */ = {isa = PBXBuildFile; fileRef = 3BE09CCC0F53AE3E00D88117 /* SettingsController.m */; };
		3BE09CD70F53AE3E00D88117 /* Tile.m in Sources */ = {isa = PBXBuildFile; fileRef = 3BE09CCE0F53AE3E00D88117 /* Tile.m */; };
		3BE09CFB0F53B05300D88117 /* Default.png in Resources */ = {isa = PBXBuildFile; fileRef = 3BE09CF30F53B05300D88117 /* Default.png */; };
		3BE09CFC0F53B05300D88117 /* DefaultPhoto1.jpg in Resources */ = {isa = PBXBuildFile; fileRef = 3BE09CF40F53B05300D88117 /* DefaultPhoto1.jpg */; };
		3BE09CFD0F53B05300D88117 /* DefaultPhoto2.jpg in Resources */ = {isa = PBXBuildFile; fileRef = 3BE09CF50F53B05300D88117 /* DefaultPhoto2.jpg */; };
		3BE09D670F53B19E00D88117 /* AudioToolbox.framework in Frameworks */ = {isa = PBXBuildFile; fileRef = 3BE09D660F53B19E00D88117 /* AudioToolbox.framework */; };
		3BE09DFE0F53B9E200D88117 /* DefaultPhoto1_sm.jpg in Resources */ = {isa = PBXBuildFile; fileRef = 3BE09DFC0F53B9E200D88117 /* DefaultPhoto1_sm.jpg */; };
		3BE09DFF0F53B9E200D88117 /* DefaultPhoto2_sm.jpg in Resources */ = {isa = PBXBuildFile; fileRef = 3BE09DFD0F53B9E200D88117 /* DefaultPhoto2_sm.jpg */; };
		3BE56CF00F9D971000B7A13F /* LICENSE in Resources */ = {isa = PBXBuildFile; fileRef = 3BE56CEF0F9D971000B7A13F /* LICENSE */; };
		3BE84FD91C4DB68200303C12 /* Localizable.strings in Resources */ = {isa = PBXBuildFile; fileRef = 3BE84FDB1C4DB68200303C12 /* Localizable.strings */; };
		3BF37B9A0F586EA00077EF8E /* DefaultPhoto3.jpg in Resources */ = {isa = PBXBuildFile; fileRef = 3BF37B960F586EA00077EF8E /* DefaultPhoto3.jpg */; };
		3BF37B9B0F586EA00077EF8E /* DefaultPhoto3_sm.jpg in Resources */ = {isa = PBXBuildFile; fileRef = 3BF37B970F586EA00077EF8E /* DefaultPhoto3_sm.jpg */; };
		3BF37B9C0F586EA00077EF8E /* DefaultPhoto4.jpg in Resources */ = {isa = PBXBuildFile; fileRef = 3BF37B980F586EA00077EF8E /* DefaultPhoto4.jpg */; };
		3BF37B9D0F586EA00077EF8E /* DefaultPhoto4_sm.jpg in Resources */ = {isa = PBXBuildFile; fileRef = 3BF37B990F586EA00077EF8E /* DefaultPhoto4_sm.jpg */; };
/* End PBXBuildFile section */

/* Begin PBXFileReference section */
		1D30AB110D05D00D00671497 /* Foundation.framework */ = {isa = PBXFileReference; lastKnownFileType = wrapper.framework; name = Foundation.framework; path = System/Library/Frameworks/Foundation.framework; sourceTree = SDKROOT; };
		1D6058910D05DD3D006BFB54 /* Y-Tiles.app */ = {isa = PBXFileReference; explicitFileType = wrapper.application; includeInIndex = 0; path = "Y-Tiles.app"; sourceTree = BUILT_PRODUCTS_DIR; };
		1DF5F4DF0D08C38300B7A737 /* UIKit.framework */ = {isa = PBXFileReference; lastKnownFileType = wrapper.framework; name = UIKit.framework; path = System/Library/Frameworks/UIKit.framework; sourceTree = SDKROOT; };
		288765A40DF7441C002DB57D /* CoreGraphics.framework */ = {isa = PBXFileReference; lastKnownFileType = wrapper.framework; name = CoreGraphics.framework; path = System/Library/Frameworks/CoreGraphics.framework; sourceTree = SDKROOT; };
		29B97316FDCFA39411CA2CEA /* main.m */ = {isa = PBXFileReference; fileEncoding = 4; lastKnownFileType = sourcecode.c.objc; path = main.m; sourceTree = "<group>"; };
		32CA4F630368D1EE00C91783 /* Y_Tiles_Prefix.pch */ = {isa = PBXFileReference; fileEncoding = 4; lastKnownFileType = sourcecode.c.h; path = Y_Tiles_Prefix.pch; sourceTree = "<group>"; };
		3B03F18911E543B2000D4F03 /* iTunesArtwork */ = {isa = PBXFileReference; lastKnownFileType = file; path = iTunesArtwork; sourceTree = "<group>"; };
		3B2EE8551C5556AB0081A25E /* AVFoundation.framework */ = {isa = PBXFileReference; lastKnownFileType = wrapper.framework; name = AVFoundation.framework; path = System/Library/Frameworks/AVFoundation.framework; sourceTree = SDKROOT; };
		3B3C45F81C35D28D006EC76C /* AppDelegate.h */ = {isa = PBXFileReference; lastKnownFileType = sourcecode.c.h; name = AppDelegate.h; path = Classes/AppDelegate.h; sourceTree = "<group>"; };
		3B3C45F91C35D2F7006EC76C /* AppDelegate.m */ = {isa = PBXFileReference; fileEncoding = 4; lastKnownFileType = sourcecode.c.objc; name = AppDelegate.m; path = Classes/AppDelegate.m; sourceTree = "<group>"; };
		3B3C45FB1C35D4C9006EC76C /* Default-568h@2x.png */ = {isa = PBXFileReference; lastKnownFileType = image.png; path = "Default-568h@2x.png"; sourceTree = "<group>"; };
		3B3C45FD1C35D565006EC76C /* Entitlements.plist */ = {isa = PBXFileReference; fileEncoding = 4; lastKnownFileType = text.plist.xml; path = Entitlements.plist; sourceTree = "<group>"; };
		3B3C46011C35E84E006EC76C /* Images.xcassets */ = {isa = PBXFileReference; lastKnownFileType = folder.assetcatalog; name = Images.xcassets; path = "Y-Tiles/Images.xcassets"; sourceTree = "<group>"; };
		3B3C460B1C373C8E006EC76C /* en */ = {isa = PBXFileReference; lastKnownFileType = file.xib; name = en; path = en.lproj/SettingsView.xib; sourceTree = "<group>"; };
		3B78CBFF0F5B7CC20041A61D /* Util.h */ = {isa = PBXFileReference; fileEncoding = 4; lastKnownFileType = sourcecode.c.h; path = Util.h; sourceTree = "<group>"; };
		3B78CC000F5B7CC20041A61D /* Util.m */ = {isa = PBXFileReference; fileEncoding = 4; lastKnownFileType = sourcecode.c.objc; path = Util.m; sourceTree = "<group>"; };
		3B78CCF80F5B95BD0041A61D /* WaitImageView.h */ = {isa = PBXFileReference; fileEncoding = 4; lastKnownFileType = sourcecode.c.h; path = WaitImageView.h; sourceTree = "<group>"; };
		3B78CCF90F5B95BD0041A61D /* WaitImageView.m */ = {isa = PBXFileReference; fileEncoding = 4; lastKnownFileType = sourcecode.c.objc; path = WaitImageView.m; sourceTree = "<group>"; };
		3B799C5C0F57AC73001BCAEC /* PhotoDefaultController.h */ = {isa = PBXFileReference; fileEncoding = 4; lastKnownFileType = sourcecode.c.h; path = PhotoDefaultController.h; sourceTree = "<group>"; };
		3B799C5D0F57AC73001BCAEC /* PhotoDefaultController.m */ = {isa = PBXFileReference; fileEncoding = 4; lastKnownFileType = sourcecode.c.objc; path = PhotoDefaultController.m; sourceTree = "<group>"; };
		3B8D46041C3883A70045122C /* en */ = {isa = PBXFileReference; lastKnownFileType = file.xib; name = en; path = en.lproj/AboutView.xib; sourceTree = "<group>"; };
		3BAA736111E265B100E9EB36 /* IconPhoto.png */ = {isa = PBXFileReference; lastKnownFileType = image.png; name = IconPhoto.png; path = Images/IconPhoto.png; sourceTree = "<group>"; };
		3BAA736311E265C600E9EB36 /* Default@2x.png */ = {isa = PBXFileReference; lastKnownFileType = image.png; name = "Default@2x.png"; path = "Images/Default@2x.png"; sourceTree = "<group>"; };
		3BC28DEE1C397F4E00F8420B /* CoreText.framework */ = {isa = PBXFileReference; lastKnownFileType = wrapper.framework; name = CoreText.framework; path = System/Library/Frameworks/CoreText.framework; sourceTree = SDKROOT; };
		3BE09CC00F53AE3E00D88117 /* AboutController.h */ = {isa = PBXFileReference; fileEncoding = 4; lastKnownFileType = sourcecode.c.h; path = AboutController.h; sourceTree = "<group>"; };
		3BE09CC10F53AE3E00D88117 /* AboutController.m */ = {isa = PBXFileReference; fileEncoding = 4; lastKnownFileType = sourcecode.c.objc; path = AboutController.m; sourceTree = "<group>"; };
		3BE09CC20F53AE3E00D88117 /* Board.h */ = {isa = PBXFileReference; fileEncoding = 4; lastKnownFileType = sourcecode.c.h; path = Board.h; sourceTree = "<group>"; };
		3BE09CC30F53AE3E00D88117 /* Board.m */ = {isa = PBXFileReference; fileEncoding = 4; lastKnownFileType = sourcecode.c.objc; path = Board.m; sourceTree = "<group>"; };
		3BE09CC40F53AE3E00D88117 /* BoardController.h */ = {isa = PBXFileReference; fileEncoding = 4; lastKnownFileType = sourcecode.c.h; path = BoardController.h; sourceTree = "<group>"; };
		3BE09CC50F53AE3E00D88117 /* BoardController.m */ = {isa = PBXFileReference; fileEncoding = 4; lastKnownFileType = sourcecode.c.objc; path = BoardController.m; sourceTree = "<group>"; };
		3BE09CC60F53AE3E00D88117 /* Configuration.h */ = {isa = PBXFileReference; fileEncoding = 4; lastKnownFileType = sourcecode.c.h; path = Configuration.h; sourceTree = "<group>"; };
		3BE09CC70F53AE3E00D88117 /* Configuration.m */ = {isa = PBXFileReference; fileEncoding = 4; lastKnownFileType = sourcecode.c.objc; path = Configuration.m; sourceTree = "<group>"; };
		3BE09CC80F53AE3E00D88117 /* DataTypes.h */ = {isa = PBXFileReference; fileEncoding = 4; lastKnownFileType = sourcecode.c.h; path = DataTypes.h; sourceTree = "<group>"; };
		3BE09CC90F53AE3E00D88117 /* PhotoController.h */ = {isa = PBXFileReference; fileEncoding = 4; lastKnownFileType = sourcecode.c.h; path = PhotoController.h; sourceTree = "<group>"; };
		3BE09CCA0F53AE3E00D88117 /* PhotoController.m */ = {isa = PBXFileReference; fileEncoding = 4; lastKnownFileType = sourcecode.c.objc; path = PhotoController.m; sourceTree = "<group>"; };
		3BE09CCB0F53AE3E00D88117 /* SettingsController.h */ = {isa = PBXFileReference; fileEncoding = 4; lastKnownFileType = sourcecode.c.h; path = SettingsController.h; sourceTree = "<group>"; };
		3BE09CCC0F53AE3E00D88117 /* SettingsController.m */ = {isa = PBXFileReference; fileEncoding = 4; lastKnownFileType = sourcecode.c.objc; path = SettingsController.m; sourceTree = "<group>"; };
		3BE09CCD0F53AE3E00D88117 /* Tile.h */ = {isa = PBXFileReference; fileEncoding = 4; lastKnownFileType = sourcecode.c.h; path = Tile.h; sourceTree = "<group>"; };
		3BE09CCE0F53AE3E00D88117 /* Tile.m */ = {isa = PBXFileReference; fileEncoding = 4; lastKnownFileType = sourcecode.c.objc; path = Tile.m; sourceTree = "<group>"; };
		3BE09CF30F53B05300D88117 /* Default.png */ = {isa = PBXFileReference; lastKnownFileType = image.png; name = Default.png; path = Images/Default.png; sourceTree = "<group>"; };
		3BE09CF40F53B05300D88117 /* DefaultPhoto1.jpg */ = {isa = PBXFileReference; lastKnownFileType = image.jpeg; name = DefaultPhoto1.jpg; path = Images/DefaultPhoto1.jpg; sourceTree = "<group>"; };
		3BE09CF50F53B05300D88117 /* DefaultPhoto2.jpg */ = {isa = PBXFileReference; lastKnownFileType = image.jpeg; name = DefaultPhoto2.jpg; path = Images/DefaultPhoto2.jpg; sourceTree = "<group>"; };
		3BE09D520F53B14600D88117 /* Constants.h */ = {isa = PBXFileReference; fileEncoding = 4; lastKnownFileType = sourcecode.c.h; path = Constants.h; sourceTree = "<group>"; };
		3BE09D660F53B19E00D88117 /* AudioToolbox.framework */ = {isa = PBXFileReference; lastKnownFileType = wrapper.framework; name = AudioToolbox.framework; path = System/Library/Frameworks/AudioToolbox.framework; sourceTree = SDKROOT; };
		3BE09DFC0F53B9E200D88117 /* DefaultPhoto1_sm.jpg */ = {isa = PBXFileReference; lastKnownFileType = image.jpeg; name = DefaultPhoto1_sm.jpg; path = Images/DefaultPhoto1_sm.jpg; sourceTree = "<group>"; };
		3BE09DFD0F53B9E200D88117 /* DefaultPhoto2_sm.jpg */ = {isa = PBXFileReference; lastKnownFileType = image.jpeg; name = DefaultPhoto2_sm.jpg; path = Images/DefaultPhoto2_sm.jpg; sourceTree = "<group>"; };
		3BE56CEF0F9D971000B7A13F /* LICENSE */ = {isa = PBXFileReference; fileEncoding = 4; lastKnownFileType = text; path = LICENSE; sourceTree = "<group>"; };
		3BE84FDA1C4DB68200303C12 /* en */ = {isa = PBXFileReference; lastKnownFileType = text.plist.strings; name = en; path = en.lproj/Localizable.strings; sourceTree = "<group>"; };
		3BF37B960F586EA00077EF8E /* DefaultPhoto3.jpg */ = {isa = PBXFileReference; lastKnownFileType = image.jpeg; name = DefaultPhoto3.jpg; path = Images/DefaultPhoto3.jpg; sourceTree = "<group>"; };
		3BF37B970F586EA00077EF8E /* DefaultPhoto3_sm.jpg */ = {isa = PBXFileReference; lastKnownFileType = image.jpeg; name = DefaultPhoto3_sm.jpg; path = Images/DefaultPhoto3_sm.jpg; sourceTree = "<group>"; };
		3BF37B980F586EA00077EF8E /* DefaultPhoto4.jpg */ = {isa = PBXFileReference; lastKnownFileType = image.jpeg; name = DefaultPhoto4.jpg; path = Images/DefaultPhoto4.jpg; sourceTree = "<group>"; };
		3BF37B990F586EA00077EF8E /* DefaultPhoto4_sm.jpg */ = {isa = PBXFileReference; lastKnownFileType = image.jpeg; name = DefaultPhoto4_sm.jpg; path = Images/DefaultPhoto4_sm.jpg; sourceTree = "<group>"; };
		8D1107310486CEB800E47090 /* Info.plist */ = {isa = PBXFileReference; fileEncoding = 4; lastKnownFileType = text.plist.xml; path = Info.plist; sourceTree = "<group>"; };
/* End PBXFileReference section */

/* Begin PBXFrameworksBuildPhase section */
		1D60588F0D05DD3D006BFB54 /* Frameworks */ = {
			isa = PBXFrameworksBuildPhase;
			buildActionMask = 2147483647;
			files = (
				3B2EE8561C5556AB0081A25E /* AVFoundation.framework in Frameworks */,
				3BC28DEF1C397F4E00F8420B /* CoreText.framework in Frameworks */,
				1D60589F0D05DD5A006BFB54 /* Foundation.framework in Frameworks */,
				1DF5F4E00D08C38300B7A737 /* UIKit.framework in Frameworks */,
				288765A50DF7441C002DB57D /* CoreGraphics.framework in Frameworks */,
				3BE09D670F53B19E00D88117 /* AudioToolbox.framework in Frameworks */,
			);
			runOnlyForDeploymentPostprocessing = 0;
		};
/* End PBXFrameworksBuildPhase section */

/* Begin PBXGroup section */
		19C28FACFE9D520D11CA2CBB /* Products */ = {
			isa = PBXGroup;
			children = (
				1D6058910D05DD3D006BFB54 /* Y-Tiles.app */,
			);
			name = Products;
			sourceTree = "<group>";
		};
		29B97314FDCFA39411CA2CEA /* CustomTemplate */ = {
			isa = PBXGroup;
			children = (
				3BE56CEF0F9D971000B7A13F /* LICENSE */,
				3B3C45FD1C35D565006EC76C /* Entitlements.plist */,
				3B3C46001C35E811006EC76C /* Sources */,
				3BE09CF10F53B03D00D88117 /* Images */,
				3B3C45FF1C35E501006EC76C /* Supporting Files */,
				29B97323FDCFA39411CA2CEA /* Frameworks */,
				19C28FACFE9D520D11CA2CBB /* Products */,
			);
			name = CustomTemplate;
			sourceTree = "<group>";
		};
		29B97323FDCFA39411CA2CEA /* Frameworks */ = {
			isa = PBXGroup;
			children = (
				3B2EE8551C5556AB0081A25E /* AVFoundation.framework */,
				3BC28DEE1C397F4E00F8420B /* CoreText.framework */,
				3BE09D660F53B19E00D88117 /* AudioToolbox.framework */,
				1DF5F4DF0D08C38300B7A737 /* UIKit.framework */,
				1D30AB110D05D00D00671497 /* Foundation.framework */,
				288765A40DF7441C002DB57D /* CoreGraphics.framework */,
			);
			name = Frameworks;
			sourceTree = "<group>";
		};
		3B3C45FF1C35E501006EC76C /* Supporting Files */ = {
			isa = PBXGroup;
			children = (
				3B3C46011C35E84E006EC76C /* Images.xcassets */,
				32CA4F630368D1EE00C91783 /* Y_Tiles_Prefix.pch */,
				3B03F18911E543B2000D4F03 /* iTunesArtwork */,
				8D1107310486CEB800E47090 /* Info.plist */,
				3B8D46051C3883A70045122C /* AboutView.xib */,
				3B3C460C1C373C8E006EC76C /* SettingsView.xib */,
				3BE84FDB1C4DB68200303C12 /* Localizable.strings */,
			);
			name = "Supporting Files";
			sourceTree = "<group>";
		};
		3B3C46001C35E811006EC76C /* Sources */ = {
			isa = PBXGroup;
			children = (
				29B97316FDCFA39411CA2CEA /* main.m */,
				3BE09D520F53B14600D88117 /* Constants.h */,
				3B6E3DB211CD155500DE3DEE /* Util */,
				3B6E3DB111CD152B00DE3DEE /* Photo */,
				3B6E3DB011CD14F900DE3DEE /* Settings */,
				3B6E3DAF11CD14E600DE3DEE /* Board */,
				3B3C45F81C35D28D006EC76C /* AppDelegate.h */,
				3B3C45F91C35D2F7006EC76C /* AppDelegate.m */,
			);
			name = Sources;
			sourceTree = "<group>";
		};
		3B6E3DAF11CD14E600DE3DEE /* Board */ = {
			isa = PBXGroup;
			children = (
				3BE09CC40F53AE3E00D88117 /* BoardController.h */,
				3BE09CC50F53AE3E00D88117 /* BoardController.m */,
				3BE09CC20F53AE3E00D88117 /* Board.h */,
				3BE09CC30F53AE3E00D88117 /* Board.m */,
				3BE09CCD0F53AE3E00D88117 /* Tile.h */,
				3BE09CCE0F53AE3E00D88117 /* Tile.m */,
			);
			name = Board;
			path = Classes;
			sourceTree = "<group>";
		};
		3B6E3DB011CD14F900DE3DEE /* Settings */ = {
			isa = PBXGroup;
			children = (
				3BE09CCB0F53AE3E00D88117 /* SettingsController.h */,
				3BE09CCC0F53AE3E00D88117 /* SettingsController.m */,
				3BE09CC00F53AE3E00D88117 /* AboutController.h */,
				3BE09CC10F53AE3E00D88117 /* AboutController.m */,
			);
			name = Settings;
			path = Classes;
			sourceTree = "<group>";
		};
		3B6E3DB111CD152B00DE3DEE /* Photo */ = {
			isa = PBXGroup;
			children = (
				3B78CCF80F5B95BD0041A61D /* WaitImageView.h */,
				3B78CCF90F5B95BD0041A61D /* WaitImageView.m */,
				3BE09CC90F53AE3E00D88117 /* PhotoController.h */,
				3BE09CCA0F53AE3E00D88117 /* PhotoController.m */,
				3B799C5C0F57AC73001BCAEC /* PhotoDefaultController.h */,
				3B799C5D0F57AC73001BCAEC /* PhotoDefaultController.m */,
			);
			name = Photo;
			path = Classes;
			sourceTree = "<group>";
		};
		3B6E3DB211CD155500DE3DEE /* Util */ = {
			isa = PBXGroup;
			children = (
				3BE09CC60F53AE3E00D88117 /* Configuration.h */,
				3BE09CC70F53AE3E00D88117 /* Configuration.m */,
				3BE09CC80F53AE3E00D88117 /* DataTypes.h */,
				3B78CBFF0F5B7CC20041A61D /* Util.h */,
				3B78CC000F5B7CC20041A61D /* Util.m */,
			);
			name = Util;
			path = Classes;
			sourceTree = "<group>";
		};
		3BE09CF10F53B03D00D88117 /* Images */ = {
			isa = PBXGroup;
			children = (
				3BE09CF30F53B05300D88117 /* Default.png */,
				3BAA736311E265C600E9EB36 /* Default@2x.png */,
				3B3C45FB1C35D4C9006EC76C /* Default-568h@2x.png */,
				3BE09CF40F53B05300D88117 /* DefaultPhoto1.jpg */,
				3BE09DFC0F53B9E200D88117 /* DefaultPhoto1_sm.jpg */,
				3BE09CF50F53B05300D88117 /* DefaultPhoto2.jpg */,
				3BE09DFD0F53B9E200D88117 /* DefaultPhoto2_sm.jpg */,
				3BF37B960F586EA00077EF8E /* DefaultPhoto3.jpg */,
				3BF37B970F586EA00077EF8E /* DefaultPhoto3_sm.jpg */,
				3BF37B980F586EA00077EF8E /* DefaultPhoto4.jpg */,
				3BF37B990F586EA00077EF8E /* DefaultPhoto4_sm.jpg */,
				3BAA736111E265B100E9EB36 /* IconPhoto.png */,
			);
			name = Images;
			sourceTree = "<group>";
		};
/* End PBXGroup section */

/* Begin PBXNativeTarget section */
		1D6058900D05DD3D006BFB54 /* Y-Tiles */ = {
			isa = PBXNativeTarget;
			buildConfigurationList = 1D6058960D05DD3E006BFB54 /* Build configuration list for PBXNativeTarget "Y-Tiles" */;
			buildPhases = (
				1D60588D0D05DD3D006BFB54 /* Resources */,
				1D60588E0D05DD3D006BFB54 /* Sources */,
				1D60588F0D05DD3D006BFB54 /* Frameworks */,
			);
			buildRules = (
			);
			dependencies = (
			);
			name = "Y-Tiles";
			productName = "Y-Tiles";
			productReference = 1D6058910D05DD3D006BFB54 /* Y-Tiles.app */;
			productType = "com.apple.product-type.application";
		};
/* End PBXNativeTarget section */

/* Begin PBXProject section */
		29B97313FDCFA39411CA2CEA /* Project object */ = {
			isa = PBXProject;
			attributes = {
				LastUpgradeCheck = 0720;
				TargetAttributes = {
					1D6058900D05DD3D006BFB54 = {
						DevelopmentTeam = 3D8ND6RR7P;
					};
				};
			};
			buildConfigurationList = C01FCF4E08A954540054247B /* Build configuration list for PBXProject "Y-Tiles" */;
			compatibilityVersion = "Xcode 3.2";
			developmentRegion = English;
			hasScannedForEncodings = 1;
			knownRegions = (
				en,
			);
			mainGroup = 29B97314FDCFA39411CA2CEA /* CustomTemplate */;
			projectDirPath = "";
			projectRoot = "";
			targets = (
				1D6058900D05DD3D006BFB54 /* Y-Tiles */,
			);
		};
/* End PBXProject section */

/* Begin PBXResourcesBuildPhase section */
		1D60588D0D05DD3D006BFB54 /* Resources */ = {
			isa = PBXResourcesBuildPhase;
			buildActionMask = 2147483647;
			files = (
				3BE09CFB0F53B05300D88117 /* Default.png in Resources */,
				3BE09CFC0F53B05300D88117 /* DefaultPhoto1.jpg in Resources */,
				3BE09CFD0F53B05300D88117 /* DefaultPhoto2.jpg in Resources */,
				3B3C45FE1C35D565006EC76C /* Entitlements.plist in Resources */,
				3B8D46031C3883A70045122C /* AboutView.xib in Resources */,
				3B3C46021C35E84E006EC76C /* Images.xcassets in Resources */,
				3BE09DFE0F53B9E200D88117 /* DefaultPhoto1_sm.jpg in Resources */,
				3B3C460A1C373C8E006EC76C /* SettingsView.xib in Resources */,
				3BE84FD91C4DB68200303C12 /* Localizable.strings in Resources */,
				3BE09DFF0F53B9E200D88117 /* DefaultPhoto2_sm.jpg in Resources */,
				3BF37B9A0F586EA00077EF8E /* DefaultPhoto3.jpg in Resources */,
				3BF37B9B0F586EA00077EF8E /* DefaultPhoto3_sm.jpg in Resources */,
				3BF37B9C0F586EA00077EF8E /* DefaultPhoto4.jpg in Resources */,
				3BF37B9D0F586EA00077EF8E /* DefaultPhoto4_sm.jpg in Resources */,
				3BE56CF00F9D971000B7A13F /* LICENSE in Resources */,
				3BAA736211E265B100E9EB36 /* IconPhoto.png in Resources */,
				3BAA736411E265C600E9EB36 /* Default@2x.png in Resources */,
				3B3C45FC1C35D4C9006EC76C /* Default-568h@2x.png in Resources */,
				3B03F18A11E543B2000D4F03 /* iTunesArtwork in Resources */,
			);
			runOnlyForDeploymentPostprocessing = 0;
		};
/* End PBXResourcesBuildPhase section */

/* Begin PBXSourcesBuildPhase section */
		1D60588E0D05DD3D006BFB54 /* Sources */ = {
			isa = PBXSourcesBuildPhase;
			buildActionMask = 2147483647;
			files = (
				1D60589B0D05DD56006BFB54 /* main.m in Sources */,
				3BE09CD10F53AE3E00D88117 /* AboutController.m in Sources */,
				3BE09CD20F53AE3E00D88117 /* Board.m in Sources */,
				3BE09CD30F53AE3E00D88117 /* BoardController.m in Sources */,
				3BE09CD40F53AE3E00D88117 /* Configuration.m in Sources */,
				3BE09CD50F53AE3E00D88117 /* PhotoController.m in Sources */,
				3B3C45FA1C35D2F7006EC76C /* AppDelegate.m in Sources */,
				3BE09CD60F53AE3E00D88117 /* SettingsController.m in Sources */,
				3BE09CD70F53AE3E00D88117 /* Tile.m in Sources */,
				3B799C5E0F57AC73001BCAEC /* PhotoDefaultController.m in Sources */,
				3B78CC010F5B7CC20041A61D /* Util.m in Sources */,
				3B78CCFA0F5B95BD0041A61D /* WaitImageView.m in Sources */,
			);
			runOnlyForDeploymentPostprocessing = 0;
		};
/* End PBXSourcesBuildPhase section */

/* Begin PBXVariantGroup section */
		3B3C460C1C373C8E006EC76C /* SettingsView.xib */ = {
			isa = PBXVariantGroup;
			children = (
				3B3C460B1C373C8E006EC76C /* en */,
			);
			name = SettingsView.xib;
			sourceTree = "<group>";
		};
		3B8D46051C3883A70045122C /* AboutView.xib */ = {
			isa = PBXVariantGroup;
			children = (
				3B8D46041C3883A70045122C /* en */,
			);
			name = AboutView.xib;
			sourceTree = "<group>";
		};
		3BE84FDB1C4DB68200303C12 /* Localizable.strings */ = {
			isa = PBXVariantGroup;
			children = (
				3BE84FDA1C4DB68200303C12 /* en */,
			);
			name = Localizable.strings;
			sourceTree = "<group>";
		};
/* End PBXVariantGroup section */

/* Begin XCBuildConfiguration section */
		1D6058940D05DD3E006BFB54 /* Debug */ = {
			isa = XCBuildConfiguration;
			buildSettings = {
				ALWAYS_SEARCH_USER_PATHS = NO;
				ASSETCATALOG_COMPILER_APPICON_NAME = AppIcon;
				CLANG_ENABLE_OBJC_ARC = YES;
				UILaunchStoryboardName = LaunchScreen;
				CODE_SIGN_ENTITLEMENTS = "";
				CODE_SIGN_IDENTITY = "iPhone Developer";
				"CODE_SIGN_IDENTITY[sdk=iphoneos*]" = "iPhone Developer";
				"CODE_SIGN_IDENTITY[sdk=iphonesimulator*]" = "iPhone Developer";
				COPY_PHASE_STRIP = NO;
				GCC_DYNAMIC_NO_PIC = NO;
				GCC_OPTIMIZATION_LEVEL = 0;
				GCC_PRECOMPILE_PREFIX_HEADER = YES;
				GCC_PREFIX_HEADER = Y_Tiles_Prefix.pch;
				INFOPLIST_FILE = Info.plist;
				IPHONEOS_DEPLOYMENT_TARGET = 18.0;
				PRODUCT_BUNDLE_IDENTIFIER = "com.chrisyunker.y-tiles";
				PRODUCT_NAME = "Y-Tiles";
				PROVISIONING_PROFILE = "";
				"PROVISIONING_PROFILE[sdk=iphoneos*]" = "";
				"PROVISIONING_PROFILE[sdk=iphonesimulator*]" = "";
				SDKROOT = iphoneos;
				TARGETED_DEVICE_FAMILY = 1;
			};
			name = Debug;
		};
		1D6058950D05DD3E006BFB54 /* Release */ = {
			isa = XCBuildConfiguration;
			buildSettings = {
				ALWAYS_SEARCH_USER_PATHS = NO;
				ASSETCATALOG_COMPILER_APPICON_NAME = AppIcon;
				CLANG_ENABLE_OBJC_ARC = YES;
				UILaunchStoryboardName = LaunchScreen;
				CODE_SIGN_IDENTITY = "iPhone Developer";
				"CODE_SIGN_IDENTITY[sdk=iphoneos*]" = "iPhone Developer";
				"CODE_SIGN_IDENTITY[sdk=iphonesimulator*]" = "iPhone Developer";
				COPY_PHASE_STRIP = YES;
				GCC_PRECOMPILE_PREFIX_HEADER = YES;
				GCC_PREFIX_HEADER = Y_Tiles_Prefix.pch;
				INFOPLIST_FILE = Info.plist;
				IPHONEOS_DEPLOYMENT_TARGET = 18.0;
				PRODUCT_BUNDLE_IDENTIFIER = "com.chrisyunker.y-tiles";
				PRODUCT_NAME = "Y-Tiles";
				PROVISIONING_PROFILE = "769f529b-2258-4696-9f01-9f00da57ef1a";
				"PROVISIONING_PROFILE[sdk=iphoneos*]" = "769f529b-2258-4696-9f01-9f00da57ef1a";
				"PROVISIONING_PROFILE[sdk=iphonesimulator*]" = "769f529b-2258-4696-9f01-9f00da57ef1a";
				SDKROOT = iphoneos;
				TARGETED_DEVICE_FAMILY = 1;
			};
			name = Release;
		};
		3BCA861B11E428F7001D06F2 /* Distribution */ = {
			isa = XCBuildConfiguration;
			buildSettings = {
				CODE_SIGN_IDENTITY = "iPhone Developer: Chris Yunker (3R7GXL5V6M)";
				"CODE_SIGN_IDENTITY[sdk=iphoneos*]" = "iPhone Developer: Chris Yunker (3R7GXL5V6M)";
				GCC_C_LANGUAGE_STANDARD = c99;
				GCC_THUMB_SUPPORT = YES;
				GCC_WARN_ABOUT_RETURN_TYPE = YES;
				GCC_WARN_UNUSED_VARIABLE = YES;
				ONLY_ACTIVE_ARCH = YES;
				PREBINDING = NO;
				"PROVISIONING_PROFILE[sdk=iphoneos*]" = "";
				SDKROOT = iphoneos;
				SYMROOT = build;
			};
			name = Distribution;
		};
		3BCA861C11E428F7001D06F2 /* Distribution */ = {
			isa = XCBuildConfiguration;
			buildSettings = {
				ALWAYS_SEARCH_USER_PATHS = NO;
				ASSETCATALOG_COMPILER_APPICON_NAME = AppIcon;
				CLANG_ENABLE_OBJC_ARC = YES;
				UILaunchStoryboardName = LaunchScreen;
				CODE_SIGN_IDENTITY = "iPhone Developer";
				"CODE_SIGN_IDENTITY[sdk=iphoneos*]" = "iPhone Developer";
				"CODE_SIGN_IDENTITY[sdk=iphonesimulator*]" = "iPhone Developer";
				COPY_PHASE_STRIP = YES;
				GCC_PRECOMPILE_PREFIX_HEADER = YES;
				GCC_PREFIX_HEADER = Y_Tiles_Prefix.pch;
				INFOPLIST_FILE = Info.plist;
				IPHONEOS_DEPLOYMENT_TARGET = 18.0;
				PRODUCT_BUNDLE_IDENTIFIER = "com.chrisyunker.y-tiles";
				PRODUCT_NAME = "Y-Tiles";
				PROVISIONING_PROFILE = "";
				"PROVISIONING_PROFILE[sdk=iphoneos*]" = "";
				"PROVISIONING_PROFILE[sdk=iphonesimulator*]" = "";
				SDKROOT = iphoneos;
				TARGETED_DEVICE_FAMILY = 1;
			};
			name = Distribution;
		};
		C01FCF4F08A954540054247B /* Debug */ = {
			isa = XCBuildConfiguration;
			buildSettings = {
				CODE_SIGN_ENTITLEMENTS = "";
				CODE_SIGN_IDENTITY = "iPhone Developer: Chris Yunker (3R7GXL5V6M)";
				"CODE_SIGN_IDENTITY[sdk=iphoneos*]" = "iPhone Developer: Chris Yunker (3R7GXL5V6M)";
				ENABLE_TESTABILITY = YES;
				GCC_C_LANGUAGE_STANDARD = c99;
				GCC_PREPROCESSOR_DEFINITIONS = DEBUG;
				GCC_WARN_ABOUT_RETURN_TYPE = YES;
				GCC_WARN_UNUSED_VARIABLE = YES;
				ONLY_ACTIVE_ARCH = YES;
				PREBINDING = NO;
				"PROVISIONING_PROFILE[sdk=iphoneos*]" = "";
				SDKROOT = iphoneos;
				SYMROOT = build;
			};
			name = Debug;
		};
		C01FCF5008A954540054247B /* Release */ = {
			isa = XCBuildConfiguration;
			buildSettings = {
				CODE_SIGN_IDENTITY = "iPhone Developer: Chris Yunker (3R7GXL5V6M)";
				"CODE_SIGN_IDENTITY[sdk=iphoneos*]" = "iPhone Developer: Chris Yunker (3R7GXL5V6M)";
				GCC_C_LANGUAGE_STANDARD = c99;
				GCC_THUMB_SUPPORT = YES;
				GCC_WARN_ABOUT_RETURN_TYPE = YES;
				GCC_WARN_UNUSED_VARIABLE = YES;
				ONLY_ACTIVE_ARCH = YES;
				PREBINDING = NO;
				"PROVISIONING_PROFILE[sdk=iphoneos*]" = "";
				SDKROOT = iphoneos;
				SYMROOT = build;
			};
			name = Release;
		};
/* End XCBuildConfiguration section */

/* Begin XCConfigurationList section */
		1D6058960D05DD3E006BFB54 /* Build configuration list for PBXNativeTarget "Y-Tiles" */ = {
			isa = XCConfigurationList;
			buildConfigurations = (
				1D6058940D05DD3E006BFB54 /* Debug */,
				1D6058950D05DD3E006BFB54 /* Release */,
				3BCA861C11E428F7001D06F2 /* Distribution */,
			);
			defaultConfigurationIsVisible = 0;
			defaultConfigurationName = Release;
		};
		C01FCF4E08A954540054247B /* Build configuration list for PBXProject "Y-Tiles" */ = {
			isa = XCConfigurationList;
			buildConfigurations = (
				C01FCF4F08A954540054247B /* Debug */,
				C01FCF5008A954540054247B /* Release */,
				3BCA861B11E428F7001D06F2 /* Distribution */,
			);
			defaultConfigurationIsVisible = 0;
			defaultConfigurationName = Release;
		};
/* End XCConfigurationList section */
	};
	rootObject = 29B97313FDCFA39411CA2CEA /* Project object */;
}
