// !$*UTF8*$!
{
	archiveVersion = 1;
	classes = {
	};
	objectVersion = 54;
	objects = {

/* Begin PBXBuildFile section */
		1D60589F0D05DD5A006BFB54 /* Foundation.framework in Frameworks */ = {isa = PBXBuildFile; fileRef = 1D30AB110D05D00D00671497 /* Foundation.framework */; };
		1DF5F4E00D08C38300B7A737 /* UIKit.framework in Frameworks */ = {isa = PBXBuildFile; fileRef = 1DF5F4DF0D08C38300B7A737 /* UIKit.framework */; };
		288765A50DF7441C002DB57D /* CoreGraphics.framework in Frameworks */ = {isa = PBXBuildFile; fileRef = 288765A40DF7441C002DB57D /* CoreGraphics.framework */; };
		3B2EE8561C5556AB0081A25E /* AVFoundation.framework in Frameworks */ = {isa = PBXBuildFile; fileRef = 3B2EE8551C5556AB0081A25E /* AVFoundation.framework */; };
		3B3C46021C35E84E006EC76C /* Images.xcassets in Resources */ = {isa = PBXBuildFile; fileRef = 3B3C46011C35E84E006EC76C /* Images.xcassets */; };
		3B66C43E2E31BD1600084F1F /* Logger.swift in Sources */ = {isa = PBXBuildFile; fileRef = 3B66C43D2E31BD1600084F1F /* Logger.swift */; };
		3B66C4422E32982B00084F1F /* Constants.swift in Sources */ = {isa = PBXBuildFile; fileRef = 3B66C4412E32982B00084F1F /* Constants.swift */; };
		3B66C4452E32985900084F1F /* TileView.swift in Sources */ = {isa = PBXBuildFile; fileRef = 3B66C4442E32985900084F1F /* TileView.swift */; };
		3B66C4462E32985900084F1F /* Tile.swift in Sources */ = {isa = PBXBuildFile; fileRef = 3B66C4432E32985900084F1F /* Tile.swift */; };
		3B66C4482E32986800084F1F /* Board.swift in Sources */ = {isa = PBXBuildFile; fileRef = 3B66C4472E32986800084F1F /* Board.swift */; };
		3B75F9662E25540000B9212C /* LaunchScreen.storyboard in Resources */ = {isa = PBXBuildFile; fileRef = 3B75F9672E25540000B9212C /* LaunchScreen.storyboard */; };
		3BC28DEF1C397F4E00F8420B /* CoreText.framework in Frameworks */ = {isa = PBXBuildFile; fileRef = 3BC28DEE1C397F4E00F8420B /* CoreText.framework */; };
		3BE09D670F53B19E00D88117 /* AudioToolbox.framework in Frameworks */ = {isa = PBXBuildFile; fileRef = 3BE09D660F53B19E00D88117 /* AudioToolbox.framework */; };
		3BE56CF00F9D971000B7A13F /* LICENSE in Resources */ = {isa = PBXBuildFile; fileRef = 3BE56CEF0F9D971000B7A13F /* LICENSE */; };
		3BE84FD91C4DB68200303C12 /* Localizable.strings in Resources */ = {isa = PBXBuildFile; fileRef = 3BE84FDB1C4DB68200303C12 /* Localizable.strings */; };
		4A1001000000000000000004 /* DataTypes.swift in Sources */ = {isa = PBXBuildFile; fileRef = 4A2001000000000000000004 /* DataTypes.swift */; };
		4A1001000000000000000015 /* YTilesApp.swift in Sources */ = {isa = PBXBuildFile; fileRef = 4A2001000000000000000015 /* YTilesApp.swift */; };
		4A1001000000000000000016 /* GameState.swift in Sources */ = {isa = PBXBuildFile; fileRef = 4A2001000000000000000016 /* GameState.swift */; };
		4A1001000000000000000017 /* ContentView.swift in Sources */ = {isa = PBXBuildFile; fileRef = 4A2001000000000000000017 /* ContentView.swift */; };
		4A1001000000000000000018 /* SettingsView.swift in Sources */ = {isa = PBXBuildFile; fileRef = 4A2001000000000000000018 /* SettingsView.swift */; };
		4A1001000000000000000019 /* PhotoView.swift in Sources */ = {isa = PBXBuildFile; fileRef = 4A2001000000000000000019 /* PhotoView.swift */; };
		4A1001000000000000000020 /* BoardView.swift in Sources */ = {isa = PBXBuildFile; fileRef = 4A2001000000000000000020 /* BoardView.swift */; };
/* End PBXBuildFile section */

/* Begin PBXFileReference section */
		1D30AB110D05D00D00671497 /* Foundation.framework */ = {isa = PBXFileReference; lastKnownFileType = wrapper.framework; name = Foundation.framework; path = System/Library/Frameworks/Foundation.framework; sourceTree = SDKROOT; };
		1D6058910D05DD3D006BFB54 /* Y-Tiles.app */ = {isa = PBXFileReference; explicitFileType = wrapper.application; includeInIndex = 0; path = "Y-Tiles.app"; sourceTree = BUILT_PRODUCTS_DIR; };
		1DF5F4DF0D08C38300B7A737 /* UIKit.framework */ = {isa = PBXFileReference; lastKnownFileType = wrapper.framework; name = UIKit.framework; path = System/Library/Frameworks/UIKit.framework; sourceTree = SDKROOT; };
		288765A40DF7441C002DB57D /* CoreGraphics.framework */ = {isa = PBXFileReference; lastKnownFileType = wrapper.framework; name = CoreGraphics.framework; path = System/Library/Frameworks/CoreGraphics.framework; sourceTree = SDKROOT; };
		3B12D9832E205EA8006A1A2F /* Y-Tiles.entitlements */ = {isa = PBXFileReference; lastKnownFileType = text.plist.entitlements; name = "Y-Tiles.entitlements"; path = "Y-Tiles/Y-Tiles.entitlements"; sourceTree = "<group>"; };
		3B2EE8551C5556AB0081A25E /* AVFoundation.framework */ = {isa = PBXFileReference; lastKnownFileType = wrapper.framework; name = AVFoundation.framework; path = System/Library/Frameworks/AVFoundation.framework; sourceTree = SDKROOT; };
		3B3C46011C35E84E006EC76C /* Images.xcassets */ = {isa = PBXFileReference; lastKnownFileType = folder.assetcatalog; name = Images.xcassets; path = "Y-Tiles/Images.xcassets"; sourceTree = "<group>"; };
		3B66C43D2E31BD1600084F1F /* Logger.swift */ = {isa = PBXFileReference; lastKnownFileType = sourcecode.swift; name = Logger.swift; path = Sources/Logger.swift; sourceTree = "<group>"; };
		3B66C4412E32982B00084F1F /* Constants.swift */ = {isa = PBXFileReference; lastKnownFileType = sourcecode.swift; name = Constants.swift; path = Sources/Constants.swift; sourceTree = "<group>"; };
		3B66C4432E32985900084F1F /* Tile.swift */ = {isa = PBXFileReference; lastKnownFileType = sourcecode.swift; name = Tile.swift; path = Sources/Tile.swift; sourceTree = "<group>"; };
		3B66C4442E32985900084F1F /* TileView.swift */ = {isa = PBXFileReference; lastKnownFileType = sourcecode.swift; name = TileView.swift; path = Sources/TileView.swift; sourceTree = "<group>"; };
		3B66C4472E32986800084F1F /* Board.swift */ = {isa = PBXFileReference; lastKnownFileType = sourcecode.swift; name = Board.swift; path = Sources/Board.swift; sourceTree = "<group>"; };
		3B75F9672E25540000B9212C /* LaunchScreen.storyboard */ = {isa = PBXFileReference; lastKnownFileType = file.storyboard; path = LaunchScreen.storyboard; sourceTree = "<group>"; };
		3BC28DEE1C397F4E00F8420B /* CoreText.framework */ = {isa = PBXFileReference; lastKnownFileType = wrapper.framework; name = CoreText.framework; path = System/Library/Frameworks/CoreText.framework; sourceTree = SDKROOT; };
		3BE09D660F53B19E00D88117 /* AudioToolbox.framework */ = {isa = PBXFileReference; lastKnownFileType = wrapper.framework; name = AudioToolbox.framework; path = System/Library/Frameworks/AudioToolbox.framework; sourceTree = SDKROOT; };
		3BE56CEF0F9D971000B7A13F /* LICENSE */ = {isa = PBXFileReference; fileEncoding = 4; lastKnownFileType = text; path = LICENSE; sourceTree = "<group>"; };
		3BE84FDA1C4DB68200303C12 /* en */ = {isa = PBXFileReference; lastKnownFileType = text.plist.strings; name = en; path = en.lproj/Localizable.strings; sourceTree = "<group>"; };
		4A2001000000000000000004 /* DataTypes.swift */ = {isa = PBXFileReference; lastKnownFileType = sourcecode.swift; name = DataTypes.swift; path = Sources/DataTypes.swift; sourceTree = "<group>"; };
		4A2001000000000000000015 /* YTilesApp.swift */ = {isa = PBXFileReference; lastKnownFileType = sourcecode.swift; name = YTilesApp.swift; path = Sources/YTilesApp.swift; sourceTree = "<group>"; };
		4A2001000000000000000016 /* GameState.swift */ = {isa = PBXFileReference; lastKnownFileType = sourcecode.swift; name = GameState.swift; path = Sources/GameState.swift; sourceTree = "<group>"; };
		4A2001000000000000000017 /* ContentView.swift */ = {isa = PBXFileReference; lastKnownFileType = sourcecode.swift; name = ContentView.swift; path = Sources/ContentView.swift; sourceTree = "<group>"; };
		4A2001000000000000000018 /* SettingsView.swift */ = {isa = PBXFileReference; lastKnownFileType = sourcecode.swift; name = SettingsView.swift; path = Sources/SettingsView.swift; sourceTree = "<group>"; };
		4A2001000000000000000019 /* PhotoView.swift */ = {isa = PBXFileReference; lastKnownFileType = sourcecode.swift; name = PhotoView.swift; path = Sources/PhotoView.swift; sourceTree = "<group>"; };
		4A2001000000000000000020 /* BoardView.swift */ = {isa = PBXFileReference; lastKnownFileType = sourcecode.swift; name = BoardView.swift; path = Sources/BoardView.swift; sourceTree = "<group>"; };
		8D1107310486CEB800E47090 /* Info.plist */ = {isa = PBXFileReference; fileEncoding = 4; lastKnownFileType = text.plist.xml; path = Info.plist; sourceTree = "<group>"; };
/* End PBXFileReference section */

/* Begin PBXFrameworksBuildPhase section */
		1D60588F0D05DD3D006BFB54 /* Frameworks */ = {
			isa = PBXFrameworksBuildPhase;
			buildActionMask = 2147483647;
			files = (
				3B2EE8561C5556AB0081A25E /* AVFoundation.framework in Frameworks */,
				3BC28DEF1C397F4E00F8420B /* CoreText.framework in Frameworks */,
				1D60589F0D05DD5A006BFB54 /* Foundation.framework in Frameworks */,
				1DF5F4E00D08C38300B7A737 /* UIKit.framework in Frameworks */,
				288765A50DF7441C002DB57D /* CoreGraphics.framework in Frameworks */,
				3BE09D670F53B19E00D88117 /* AudioToolbox.framework in Frameworks */,
			);
			runOnlyForDeploymentPostprocessing = 0;
		};
/* End PBXFrameworksBuildPhase section */

/* Begin PBXGroup section */
		19C28FACFE9D520D11CA2CBB /* Products */ = {
			isa = PBXGroup;
			children = (
				1D6058910D05DD3D006BFB54 /* Y-Tiles.app */,
			);
			name = Products;
			sourceTree = "<group>";
		};
		29B97314FDCFA39411CA2CEA /* CustomTemplate */ = {
			isa = PBXGroup;
			children = (
				3B12D9832E205EA8006A1A2F /* Y-Tiles.entitlements */,
				3BE56CEF0F9D971000B7A13F /* LICENSE */,
				3B75F9672E25540000B9212C /* LaunchScreen.storyboard */,
				3B3C46001C35E811006EC76C /* Sources */,
				3B3C45FF1C35E501006EC76C /* Supporting Files */,
				29B97323FDCFA39411CA2CEA /* Frameworks */,
				19C28FACFE9D520D11CA2CBB /* Products */,
			);
			name = CustomTemplate;
			sourceTree = "<group>";
		};
		29B97323FDCFA39411CA2CEA /* Frameworks */ = {
			isa = PBXGroup;
			children = (
				3B2EE8551C5556AB0081A25E /* AVFoundation.framework */,
				3BC28DEE1C397F4E00F8420B /* CoreText.framework */,
				3BE09D660F53B19E00D88117 /* AudioToolbox.framework */,
				1DF5F4DF0D08C38300B7A737 /* UIKit.framework */,
				1D30AB110D05D00D00671497 /* Foundation.framework */,
				288765A40DF7441C002DB57D /* CoreGraphics.framework */,
			);
			name = Frameworks;
			sourceTree = "<group>";
		};
		3B3C45FF1C35E501006EC76C /* Supporting Files */ = {
			isa = PBXGroup;
			children = (
				3B3C46011C35E84E006EC76C /* Images.xcassets */,
				8D1107310486CEB800E47090 /* Info.plist */,
				3BE84FDB1C4DB68200303C12 /* Localizable.strings */,
			);
			name = "Supporting Files";
			sourceTree = "<group>";
		};
		3B3C46001C35E811006EC76C /* Sources */ = {
			isa = PBXGroup;
			children = (
				3B66C4472E32986800084F1F /* Board.swift */,
				4A2001000000000000000020 /* BoardView.swift */,
				3B66C4412E32982B00084F1F /* Constants.swift */,
				4A2001000000000000000017 /* ContentView.swift */,
				4A2001000000000000000004 /* DataTypes.swift */,
				4A2001000000000000000016 /* GameState.swift */,
				3B66C43D2E31BD1600084F1F /* Logger.swift */,
				4A2001000000000000000019 /* PhotoView.swift */,
				4A2001000000000000000018 /* SettingsView.swift */,
				3B66C4432E32985900084F1F /* Tile.swift */,
				3B66C4442E32985900084F1F /* TileView.swift */,
				4A2001000000000000000015 /* YTilesApp.swift */,
			);
			name = Sources;
			sourceTree = "<group>";
		};
/* End PBXGroup section */

/* Begin PBXNativeTarget section */
		1D6058900D05DD3D006BFB54 /* Y-Tiles */ = {
			isa = PBXNativeTarget;
			buildConfigurationList = 1D6058960D05DD3E006BFB54 /* Build configuration list for PBXNativeTarget "Y-Tiles" */;
			buildPhases = (
				1D60588D0D05DD3D006BFB54 /* Resources */,
				1D60588E0D05DD3D006BFB54 /* Sources */,
				1D60588F0D05DD3D006BFB54 /* Frameworks */,
			);
			buildRules = (
			);
			dependencies = (
			);
			name = "Y-Tiles";
			productName = "Y-Tiles";
			productReference = 1D6058910D05DD3D006BFB54 /* Y-Tiles.app */;
			productType = "com.apple.product-type.application";
		};
/* End PBXNativeTarget section */

/* Begin PBXProject section */
		29B97313FDCFA39411CA2CEA /* Project object */ = {
			isa = PBXProject;
			attributes = {
				BuildIndependentTargetsInParallel = YES;
				LastSwiftUpdateCheck = 1640;
				LastUpgradeCheck = 1640;
				ORGANIZATIONNAME = "Chris Yunker";
				TargetAttributes = {
					1D6058900D05DD3D006BFB54 = {
						CreatedOnToolsVersion = 16.4.0;
						LastSwiftMigration = 1640;
					};
				};
			};
			buildConfigurationList = C01FCF4E08A954540054247B /* Build configuration list for PBXProject "Y-Tiles" */;
			compatibilityVersion = "Xcode 3.2";
			developmentRegion = en;
			hasScannedForEncodings = 1;
			knownRegions = (
				en,
			);
			mainGroup = 29B97314FDCFA39411CA2CEA /* CustomTemplate */;
			projectDirPath = "";
			projectRoot = "";
			targets = (
				1D6058900D05DD3D006BFB54 /* Y-Tiles */,
			);
		};
/* End PBXProject section */

/* Begin PBXResourcesBuildPhase section */
		1D60588D0D05DD3D006BFB54 /* Resources */ = {
			isa = PBXResourcesBuildPhase;
			buildActionMask = 2147483647;
			files = (
				3B3C46021C35E84E006EC76C /* Images.xcassets in Resources */,
				3BE84FD91C4DB68200303C12 /* Localizable.strings in Resources */,
				3BE56CF00F9D971000B7A13F /* LICENSE in Resources */,
				3B75F9662E25540000B9212C /* LaunchScreen.storyboard in Resources */,
			);
			runOnlyForDeploymentPostprocessing = 0;
		};
/* End PBXResourcesBuildPhase section */

/* Begin PBXSourcesBuildPhase section */
		1D60588E0D05DD3D006BFB54 /* Sources */ = {
			isa = PBXSourcesBuildPhase;
			buildActionMask = 2147483647;
			files = (
				4A1001000000000000000004 /* DataTypes.swift in Sources */,
				4A1001000000000000000015 /* YTilesApp.swift in Sources */,
				3B66C4482E32986800084F1F /* Board.swift in Sources */,
				4A1001000000000000000016 /* GameState.swift in Sources */,
				4A1001000000000000000017 /* ContentView.swift in Sources */,
				4A1001000000000000000018 /* SettingsView.swift in Sources */,
				3B66C4452E32985900084F1F /* TileView.swift in Sources */,
				3B66C4462E32985900084F1F /* Tile.swift in Sources */,
				3B66C43E2E31BD1600084F1F /* Logger.swift in Sources */,
				4A1001000000000000000019 /* PhotoView.swift in Sources */,
				4A1001000000000000000020 /* BoardView.swift in Sources */,
				3B66C4422E32982B00084F1F /* Constants.swift in Sources */,
			);
			runOnlyForDeploymentPostprocessing = 0;
		};
/* End PBXSourcesBuildPhase section */

/* Begin PBXVariantGroup section */
		3BE84FDB1C4DB68200303C12 /* Localizable.strings */ = {
			isa = PBXVariantGroup;
			children = (
				3BE84FDA1C4DB68200303C12 /* en */,
			);
			name = Localizable.strings;
			sourceTree = "<group>";
		};
/* End PBXVariantGroup section */

/* Begin XCBuildConfiguration section */
		1D6058940D05DD3E006BFB54 /* Debug */ = {
			isa = XCBuildConfiguration;
			buildSettings = {
				ALWAYS_SEARCH_USER_PATHS = NO;
				ASSETCATALOG_COMPILER_APPICON_NAME = AppIcon;
				ASSETCATALOG_COMPILER_GLOBAL_ACCENT_COLOR_NAME = AccentColor;
				CLANG_ANALYZER_NONNULL = YES;
				CLANG_ANALYZER_NUMBER_OBJECT_CONVERSION = YES_AGGRESSIVE;
				CLANG_CXX_LANGUAGE_STANDARD = "gnu++20";
				CLANG_ENABLE_MODULES = YES;
				CLANG_ENABLE_OBJC_ARC = YES;
				CLANG_ENABLE_OBJC_WEAK = YES;
				CLANG_WARN_BLOCK_CAPTURE_AUTORELEASING = YES;
				CLANG_WARN_BOOL_CONVERSION = YES;
				CLANG_WARN_COMMA = YES;
				CLANG_WARN_CONSTANT_CONVERSION = YES;
				CLANG_WARN_DEPRECATED_OBJC_IMPLEMENTATIONS = YES;
				CLANG_WARN_DIRECT_OBJC_ISA_USAGE = YES_ERROR;
				CLANG_WARN_DOCUMENTATION_COMMENTS = YES;
				CLANG_WARN_EMPTY_BODY = YES;
				CLANG_WARN_ENUM_CONVERSION = YES;
				CLANG_WARN_INFINITE_RECURSION = YES;
				CLANG_WARN_INT_CONVERSION = YES;
				CLANG_WARN_NON_LITERAL_NULL_CONVERSION = YES;
				CLANG_WARN_OBJC_IMPLICIT_RETAIN_SELF = YES;
				CLANG_WARN_OBJC_LITERAL_CONVERSION = YES;
				CLANG_WARN_OBJC_ROOT_CLASS = YES_ERROR;
				CLANG_WARN_QUOTED_INCLUDE_IN_FRAMEWORK_HEADER = YES;
				CLANG_WARN_RANGE_LOOP_ANALYSIS = YES;
				CLANG_WARN_STRICT_PROTOTYPES = YES;
				CLANG_WARN_SUSPICIOUS_MOVE = YES;
				CLANG_WARN_UNGUARDED_AVAILABILITY = YES_AGGRESSIVE;
				CLANG_WARN_UNREACHABLE_CODE = YES;
				CLANG_WARN__DUPLICATE_METHOD_MATCH = YES;
				CODE_SIGN_ENTITLEMENTS = "Y-Tiles/Y-Tiles.entitlements";
				CODE_SIGN_IDENTITY = "iPhone Developer";
				"CODE_SIGN_IDENTITY[sdk=iphoneos*]" = "iPhone Developer";
				COPY_PHASE_STRIP = NO;
				DEBUG_INFORMATION_FORMAT = dwarf;
				DEVELOPMENT_TEAM = 3D8ND6RR7P;
				ENABLE_STRICT_OBJC_MSGSEND = YES;
				ENABLE_TESTABILITY = YES;
				ENABLE_USER_SCRIPT_SANDBOXING = YES;
				GCC_C_LANGUAGE_STANDARD = gnu17;
				GCC_DYNAMIC_NO_PIC = NO;
				GCC_NO_COMMON_BLOCKS = YES;
				GCC_OPTIMIZATION_LEVEL = 0;
				GCC_PREPROCESSOR_DEFINITIONS = (
					"DEBUG=1",
					"$(inherited)",
				);
				GCC_WARN_64_TO_32_BIT_CONVERSION = YES;
				GCC_WARN_ABOUT_RETURN_TYPE = YES_ERROR;
				GCC_WARN_UNDECLARED_SELECTOR = YES;
				GCC_WARN_UNINITIALIZED_AUTOS = YES_AGGRESSIVE;
				GCC_WARN_UNUSED_FUNCTION = YES;
				GCC_WARN_UNUSED_VARIABLE = YES;
				INFOPLIST_FILE = Info.plist;
				IPHONEOS_DEPLOYMENT_TARGET = 18.0;
				LD_RUNPATH_SEARCH_PATHS = (
					"$(inherited)",
					"@executable_path/Frameworks",
				);
				LOCALIZATION_PREFERS_STRING_CATALOGS = YES;
				MTL_ENABLE_DEBUG_INFO = INCLUDE_SOURCE;
				MTL_FAST_MATH = YES;
				ONLY_ACTIVE_ARCH = YES;
				PRODUCT_BUNDLE_IDENTIFIER = "com.chrisyunker.y-tiles";
				PRODUCT_NAME = "$(TARGET_NAME)";
				PROVISIONING_PROFILE = "";
				"PROVISIONING_PROFILE[sdk=iphoneos*]" = "";
				SDKROOT = iphoneos;
				SUPPORTED_PLATFORMS = "iphoneos iphonesimulator";
				SUPPORTS_MACCATALYST = NO;
				SWIFT_ACTIVE_COMPILATION_CONDITIONS = "DEBUG $(inherited)";
				SWIFT_OPTIMIZATION_LEVEL = "-Onone";
				SWIFT_VERSION = 5.0;
				TARGETED_DEVICE_FAMILY = "1,2";
			};
			name = Debug;
		};
		1D6058950D05DD3E006BFB54 /* Release */ = {
			isa = XCBuildConfiguration;
			buildSettings = {
				ALWAYS_SEARCH_USER_PATHS = NO;
				ASSETCATALOG_COMPILER_APPICON_NAME = AppIcon;
				ASSETCATALOG_COMPILER_GLOBAL_ACCENT_COLOR_NAME = AccentColor;
				CLANG_ANALYZER_NONNULL = YES;
				CLANG_ANALYZER_NUMBER_OBJECT_CONVERSION = YES_AGGRESSIVE;
				CLANG_CXX_LANGUAGE_STANDARD = "gnu++20";
				CLANG_ENABLE_MODULES = YES;
				CLANG_ENABLE_OBJC_ARC = YES;
				CLANG_ENABLE_OBJC_WEAK = YES;
				CLANG_WARN_BLOCK_CAPTURE_AUTORELEASING = YES;
				CLANG_WARN_BOOL_CONVERSION = YES;
				CLANG_WARN_COMMA = YES;
				CLANG_WARN_CONSTANT_CONVERSION = YES;
				CLANG_WARN_DEPRECATED_OBJC_IMPLEMENTATIONS = YES;
				CLANG_WARN_DIRECT_OBJC_ISA_USAGE = YES_ERROR;
				CLANG_WARN_DOCUMENTATION_COMMENTS = YES;
				CLANG_WARN_EMPTY_BODY = YES;
				CLANG_WARN_ENUM_CONVERSION = YES;
				CLANG_WARN_INFINITE_RECURSION = YES;
				CLANG_WARN_INT_CONVERSION = YES;
				CLANG_WARN_NON_LITERAL_NULL_CONVERSION = YES;
				CLANG_WARN_OBJC_IMPLICIT_RETAIN_SELF = YES;
				CLANG_WARN_OBJC_LITERAL_CONVERSION = YES;
				CLANG_WARN_OBJC_ROOT_CLASS = YES_ERROR;
				CLANG_WARN_QUOTED_INCLUDE_IN_FRAMEWORK_HEADER = YES;
				CLANG_WARN_RANGE_LOOP_ANALYSIS = YES;
				CLANG_WARN_STRICT_PROTOTYPES = YES;
				CLANG_WARN_SUSPICIOUS_MOVE = YES;
				CLANG_WARN_UNGUARDED_AVAILABILITY = YES_AGGRESSIVE;
				CLANG_WARN_UNREACHABLE_CODE = YES;
				CLANG_WARN__DUPLICATE_METHOD_MATCH = YES;
				CODE_SIGN_ENTITLEMENTS = "Y-Tiles/Y-Tiles.entitlements";
				CODE_SIGN_IDENTITY = "iPhone Developer";
				"CODE_SIGN_IDENTITY[sdk=iphoneos*]" = "iPhone Developer";
				COPY_PHASE_STRIP = NO;
				DEBUG_INFORMATION_FORMAT = "dwarf-with-dsym";
				DEVELOPMENT_TEAM = 3D8ND6RR7P;
				ENABLE_NS_ASSERTIONS = NO;
				ENABLE_STRICT_OBJC_MSGSEND = YES;
				ENABLE_USER_SCRIPT_SANDBOXING = YES;
				GCC_C_LANGUAGE_STANDARD = gnu17;
				GCC_NO_COMMON_BLOCKS = YES;
				GCC_WARN_64_TO_32_BIT_CONVERSION = YES;
				GCC_WARN_ABOUT_RETURN_TYPE = YES_ERROR;
				GCC_WARN_UNDECLARED_SELECTOR = YES;
				GCC_WARN_UNINITIALIZED_AUTOS = YES_AGGRESSIVE;
				GCC_WARN_UNUSED_FUNCTION = YES;
				GCC_WARN_UNUSED_VARIABLE = YES;
				INFOPLIST_FILE = Info.plist;
				IPHONEOS_DEPLOYMENT_TARGET = 18.0;
				LD_RUNPATH_SEARCH_PATHS = (
					"$(inherited)",
					"@executable_path/Frameworks",
				);
				LOCALIZATION_PREFERS_STRING_CATALOGS = YES;
				MTL_ENABLE_DEBUG_INFO = NO;
				MTL_FAST_MATH = YES;
				PRODUCT_BUNDLE_IDENTIFIER = "com.chrisyunker.y-tiles";
				PRODUCT_NAME = "$(TARGET_NAME)";
				PROVISIONING_PROFILE = "";
				"PROVISIONING_PROFILE[sdk=iphoneos*]" = "";
				SDKROOT = iphoneos;
				SUPPORTED_PLATFORMS = "iphoneos iphonesimulator";
				SUPPORTS_MACCATALYST = NO;
				SWIFT_COMPILATION_MODE = wholemodule;
				SWIFT_VERSION = 5.0;
				TARGETED_DEVICE_FAMILY = "1,2";
				VALIDATE_PRODUCT = YES;
			};
			name = Release;
		};
		C01FCF4F08A954540054247B /* Debug */ = {
			isa = XCBuildConfiguration;
			buildSettings = {
				ALWAYS_SEARCH_USER_PATHS = NO;
				"CODE_SIGN_IDENTITY[sdk=iphoneos*]" = "iPhone Developer";
				GCC_C_LANGUAGE_STANDARD = gnu17;
				GCC_WARN_ABOUT_RETURN_TYPE = YES;
				GCC_WARN_UNUSED_VARIABLE = YES;
				IPHONEOS_DEPLOYMENT_TARGET = 18.0;
				ONLY_ACTIVE_ARCH = YES;
				PREBINDING = NO;
				SDKROOT = iphoneos;
				SWIFT_VERSION = 5.0;
			};
			name = Debug;
		};
		C01FCF5008A954540054247B /* Release */ = {
			isa = XCBuildConfiguration;
			buildSettings = {
				ALWAYS_SEARCH_USER_PATHS = NO;
				"CODE_SIGN_IDENTITY[sdk=iphoneos*]" = "iPhone Developer";
				GCC_C_LANGUAGE_STANDARD = gnu17;
				GCC_WARN_ABOUT_RETURN_TYPE = YES;
				GCC_WARN_UNUSED_VARIABLE = YES;
				IPHONEOS_DEPLOYMENT_TARGET = 18.0;
				PREBINDING = NO;
				SDKROOT = iphoneos;
				SWIFT_VERSION = 5.0;
			};
			name = Release;
		};
/* End XCBuildConfiguration section */

/* Begin XCConfigurationList section */
		1D6058960D05DD3E006BFB54 /* Build configuration list for PBXNativeTarget "Y-Tiles" */ = {
			isa = XCConfigurationList;
			buildConfigurations = (
				1D6058940D05DD3E006BFB54 /* Debug */,
				1D6058950D05DD3E006BFB54 /* Release */,
			);
			defaultConfigurationIsVisible = 0;
			defaultConfigurationName = Release;
		};
		C01FCF4E08A954540054247B /* Build configuration list for PBXProject "Y-Tiles" */ = {
			isa = XCConfigurationList;
			buildConfigurations = (
				C01FCF4F08A954540054247B /* Debug */,
				C01FCF5008A954540054247B /* Release */,
			);
			defaultConfigurationIsVisible = 0;
			defaultConfigurationName = Release;
		};
/* End XCConfigurationList section */
	};
	rootObject = 29B97313FDCFA39411CA2CEA /* Project object */;
}
